
Microsoft Visual Studio Solution File, Format Version 12.00
# Visual Studio Version 16
VisualStudioVersion = 16.0.32802.440
MinimumVisualStudioVersion = 10.0.40219.1
Project("{FAE04EC0-301F-11D3-BF4B-00C04F79EFBC}") = "PWM_Calculator", "PWM_Calculator\PWM_Calculator.csproj", "{BB79D35D-990F-4B81-8DF1-1A0E10C56946}"
EndProject
Global
	GlobalSection(SolutionConfigurationPlatforms) = preSolution
		Debug|Any CPU = Debug|Any CPU
		Release|Any CPU = Release|Any CPU
	EndGlobalSection
	GlobalSection(ProjectConfigurationPlatforms) = postSolution
		{BB79D35D-990F-4B81-8DF1-1A0E10C56946}.Debug|Any CPU.ActiveCfg = Debug|Any CPU
		{BB79D35D-990F-4B81-8DF1-1A0E10C56946}.Debug|Any CPU.Build.0 = Debug|Any CPU
		{BB79D35D-990F-4B81-8DF1-1A0E10C56946}.Release|Any CPU.ActiveCfg = Release|Any CPU
		{BB79D35D-990F-4B81-8DF1-1A0E10C56946}.Release|Any CPU.Build.0 = Release|Any CPU
	EndGlobalSection
	GlobalSection(SolutionProperties) = preSolution
		HideSolutionNode = FALSE
	EndGlobalSection
	GlobalSection(ExtensibilityGlobals) = postSolution
		SolutionGuid = {00D34D52-F56A-40BB-A509-8117BC9CB3EC}
	EndGlobalSection
EndGlobal
